// !$*UTF8*$!
{
	archiveVersion = 1;
	classes = {
	};
	objectVersion = 50;
	objects = {

/* Begin PBXBuildFile section */
		0611F90726D55A05005D97C8 /* HexagonParameters.swift in Sources */ = {isa = PBXBuildFile; fileRef = 0611F90626D55A05005D97C8 /* HexagonParameters.swift */; };
		0611F90926D55B58005D97C8 /* BadgeBackground.swift in Sources */ = {isa = PBXBuildFile; fileRef = 0611F90826D55B58005D97C8 /* BadgeBackground.swift */; };
		0611F90B26D55F75005D97C8 /* BadgeSymbol.swift in Sources */ = {isa = PBXBuildFile; fileRef = 0611F90A26D55F75005D97C8 /* BadgeSymbol.swift */; };
		0611F90D26D56027005D97C8 /* RotatedBadgeSymbol.swift in Sources */ = {isa = PBXBuildFile; fileRef = 0611F90C26D56027005D97C8 /* RotatedBadgeSymbol.swift */; };
		0611F90F26D56062005D97C8 /* Badge.swift in Sources */ = {isa = PBXBuildFile; fileRef = 0611F90E26D56062005D97C8 /* Badge.swift */; };
		0611F91226D56475005D97C8 /* hikeData.json in Resources */ = {isa = PBXBuildFile; fileRef = 0611F91126D56475005D97C8 /* hikeData.json */; };
		0611F91426D5648F005D97C8 /* Hike.swift in Sources */ = {isa = PBXBuildFile; fileRef = 0611F91326D5648F005D97C8 /* Hike.swift */; };
		0611F91A26D564F6005D97C8 /* GraphCapsule.swift in Sources */ = {isa = PBXBuildFile; fileRef = 0611F91626D564F6005D97C8 /* GraphCapsule.swift */; };
		0611F91B26D564F6005D97C8 /* HikeGraph.swift in Sources */ = {isa = PBXBuildFile; fileRef = 0611F91726D564F6005D97C8 /* HikeGraph.swift */; };
		0611F91C26D564F6005D97C8 /* HikeDetail.swift in Sources */ = {isa = PBXBuildFile; fileRef = 0611F91826D564F6005D97C8 /* HikeDetail.swift */; };
		0611F91D26D564F6005D97C8 /* HikeView.swift in Sources */ = {isa = PBXBuildFile; fileRef = 0611F91926D564F6005D97C8 /* HikeView.swift */; };
		063F62C826CED84C002EC3F6 /* landmarkData.json in Resources */ = {isa = PBXBuildFile; fileRef = 063F62C726CED84B002EC3F6 /* landmarkData.json */; };
		063F62CA26CED87C002EC3F6 /* Landmark.swift in Sources */ = {isa = PBXBuildFile; fileRef = 063F62C926CED87C002EC3F6 /* Landmark.swift */; };
		063F62E226CEDA50002EC3F6 /* ModelData.swift in Sources */ = {isa = PBXBuildFile; fileRef = 063F62E126CEDA50002EC3F6 /* ModelData.swift */; };
		063F62E726CEDED6002EC3F6 /* LandmarkRow.swift in Sources */ = {isa = PBXBuildFile; fileRef = 063F62E626CEDED6002EC3F6 /* LandmarkRow.swift */; };
		063F62E926CEE489002EC3F6 /* LandmarkList.swift in Sources */ = {isa = PBXBuildFile; fileRef = 063F62E826CEE489002EC3F6 /* LandmarkList.swift */; };
		063F62EB26CEE6AD002EC3F6 /* LandmarkDetail.swift in Sources */ = {isa = PBXBuildFile; fileRef = 063F62EA26CEE6AD002EC3F6 /* LandmarkDetail.swift */; };
		066F6C1426CC10E6007F6E4A /* CircleImage.swift in Sources */ = {isa = PBXBuildFile; fileRef = 066F6C1326CC10E6007F6E4A /* CircleImage.swift */; };
		066F6C1626CC143A007F6E4A /* MapView.swift in Sources */ = {isa = PBXBuildFile; fileRef = 066F6C1526CC143A007F6E4A /* MapView.swift */; };
		06871CE127038EBE00E824E8 /* ContentView.swift in Sources */ = {isa = PBXBuildFile; fileRef = 06871CE027038EBE00E824E8 /* ContentView.swift */; };
		06871CE327038EC200E824E8 /* Assets.xcassets in Resources */ = {isa = PBXBuildFile; fileRef = 06871CE227038EC200E824E8 /* Assets.xcassets */; };
		06871CE627038EC200E824E8 /* Preview Assets.xcassets in Resources */ = {isa = PBXBuildFile; fileRef = 06871CE527038EC200E824E8 /* Preview Assets.xcassets */; };
		06871CEC2703922400E824E8 /* MapView.swift in Sources */ = {isa = PBXBuildFile; fileRef = 066F6C1526CC143A007F6E4A /* MapView.swift */; };
		06871CED2703922400E824E8 /* LandmarksApp.swift in Sources */ = {isa = PBXBuildFile; fileRef = 06D84D2226C99D91009ED23A /* LandmarksApp.swift */; };
		06871CEE2703922400E824E8 /* LandmarkList.swift in Sources */ = {isa = PBXBuildFile; fileRef = 063F62E826CEE489002EC3F6 /* LandmarkList.swift */; };
		06871CEF2703922400E824E8 /* landmarkData.json in Resources */ = {isa = PBXBuildFile; fileRef = 063F62C726CED84B002EC3F6 /* landmarkData.json */; };
		06871CF02703922400E824E8 /* LandmarkRow.swift in Sources */ = {isa = PBXBuildFile; fileRef = 063F62E626CEDED6002EC3F6 /* LandmarkRow.swift */; };
		06871CF12703922400E824E8 /* Hike.swift in Sources */ = {isa = PBXBuildFile; fileRef = 0611F91326D5648F005D97C8 /* Hike.swift */; };
		06871CF22703922400E824E8 /* ModelData.swift in Sources */ = {isa = PBXBuildFile; fileRef = 063F62E126CEDA50002EC3F6 /* ModelData.swift */; };
		06871CF32703922400E824E8 /* Assets.xcassets in Resources */ = {isa = PBXBuildFile; fileRef = 06D84D2626C99D96009ED23A /* Assets.xcassets */; };
		06871CF42703922400E824E8 /* Landmark.swift in Sources */ = {isa = PBXBuildFile; fileRef = 063F62C926CED87C002EC3F6 /* Landmark.swift */; };
		06871CF52703922400E824E8 /* Profile.swift in Sources */ = {isa = PBXBuildFile; fileRef = 06A3C00D26F8FB1A002CAECE /* Profile.swift */; };
		06871CF62703922400E824E8 /* FavoriteButton.swift in Sources */ = {isa = PBXBuildFile; fileRef = 06C526B626D402F80063F5AC /* FavoriteButton.swift */; };
		06871CF72703922400E824E8 /* CircleImage.swift in Sources */ = {isa = PBXBuildFile; fileRef = 066F6C1326CC10E6007F6E4A /* CircleImage.swift */; };
		06871CF82703922400E824E8 /* hikeData.json in Resources */ = {isa = PBXBuildFile; fileRef = 0611F91126D56475005D97C8 /* hikeData.json */; };
		06871CFA270392A200E824E8 /* LandmarkDetail.swift in Sources */ = {isa = PBXBuildFile; fileRef = 06871CF9270392A200E824E8 /* LandmarkDetail.swift */; };
		06871CFC2703955900E824E8 /* LandmarkList.swift in Sources */ = {isa = PBXBuildFile; fileRef = 06871CFB2703955900E824E8 /* LandmarkList.swift */; };
		06871CFE270399C000E824E8 /* LandmarkCommands.swift in Sources */ = {isa = PBXBuildFile; fileRef = 06871CFD270399C000E824E8 /* LandmarkCommands.swift */; };
		06871CFF270399C000E824E8 /* LandmarkCommands.swift in Sources */ = {isa = PBXBuildFile; fileRef = 06871CFD270399C000E824E8 /* LandmarkCommands.swift */; };
		06871D0327039E8A00E824E8 /* LandmarkSettings.swift in Sources */ = {isa = PBXBuildFile; fileRef = 06871D0227039E8A00E824E8 /* LandmarkSettings.swift */; };
		068BB10D27024064007B004E /* Assets.xcassets in Resources */ = {isa = PBXBuildFile; fileRef = 068BB10C27024064007B004E /* Assets.xcassets */; };
		068BB11427024065007B004E /* WatchLandmarks Extension.appex in Embed App Extensions */ = {isa = PBXBuildFile; fileRef = 068BB11327024065007B004E /* WatchLandmarks Extension.appex */; settings = {ATTRIBUTES = (RemoveHeadersOnCopy, ); }; };
		068BB11B27024065007B004E /* ContentView.swift in Sources */ = {isa = PBXBuildFile; fileRef = 068BB11A27024065007B004E /* ContentView.swift */; };
		068BB11D27024065007B004E /* NotificationController.swift in Sources */ = {isa = PBXBuildFile; fileRef = 068BB11C27024065007B004E /* NotificationController.swift */; };
		068BB11F27024065007B004E /* NotificationView.swift in Sources */ = {isa = PBXBuildFile; fileRef = 068BB11E27024065007B004E /* NotificationView.swift */; };
		068BB12127024065007B004E /* ComplicationController.swift in Sources */ = {isa = PBXBuildFile; fileRef = 068BB12027024065007B004E /* ComplicationController.swift */; };
		068BB12327024066007B004E /* Assets.xcassets in Resources */ = {isa = PBXBuildFile; fileRef = 068BB12227024066007B004E /* Assets.xcassets */; };
		068BB12627024066007B004E /* Preview Assets.xcassets in Resources */ = {isa = PBXBuildFile; fileRef = 068BB12527024066007B004E /* Preview Assets.xcassets */; };
		068BB12B27024066007B004E /* WatchLandmarks.app in Embed Watch Content */ = {isa = PBXBuildFile; fileRef = 068BB10A2702405F007B004E /* WatchLandmarks.app */; settings = {ATTRIBUTES = (RemoveHeadersOnCopy, ); }; };
		068BB1342702424A007B004E /* Landmark.swift in Sources */ = {isa = PBXBuildFile; fileRef = 063F62C926CED87C002EC3F6 /* Landmark.swift */; };
		068BB1352702424A007B004E /* ModelData.swift in Sources */ = {isa = PBXBuildFile; fileRef = 063F62E126CEDA50002EC3F6 /* ModelData.swift */; };
		068BB1362702424A007B004E /* LandmarkRow.swift in Sources */ = {isa = PBXBuildFile; fileRef = 063F62E626CEDED6002EC3F6 /* LandmarkRow.swift */; };
		068BB1372702424A007B004E /* landmarkData.json in Resources */ = {isa = PBXBuildFile; fileRef = 063F62C726CED84B002EC3F6 /* landmarkData.json */; };
		068BB1392702424A007B004E /* CircleImage.swift in Sources */ = {isa = PBXBuildFile; fileRef = 066F6C1326CC10E6007F6E4A /* CircleImage.swift */; };
		068BB13A2702424A007B004E /* MapView.swift in Sources */ = {isa = PBXBuildFile; fileRef = 066F6C1526CC143A007F6E4A /* MapView.swift */; };
		068BB13B2702424A007B004E /* hikeData.json in Resources */ = {isa = PBXBuildFile; fileRef = 0611F91126D56475005D97C8 /* hikeData.json */; };
		068BB13C2702424A007B004E /* LandmarksApp.swift in Sources */ = {isa = PBXBuildFile; fileRef = 06D84D2226C99D91009ED23A /* LandmarksApp.swift */; };
		068BB13D2702424A007B004E /* Hike.swift in Sources */ = {isa = PBXBuildFile; fileRef = 0611F91326D5648F005D97C8 /* Hike.swift */; };
		068BB13E2702424A007B004E /* Profile.swift in Sources */ = {isa = PBXBuildFile; fileRef = 06A3C00D26F8FB1A002CAECE /* Profile.swift */; };
		068BB13F2702424A007B004E /* Assets.xcassets in Resources */ = {isa = PBXBuildFile; fileRef = 06D84D2626C99D96009ED23A /* Assets.xcassets */; };
		068BB14127024345007B004E /* LandmarkDetail.swift in Sources */ = {isa = PBXBuildFile; fileRef = 068BB14027024345007B004E /* LandmarkDetail.swift */; };
		06A3C00E26F8FB1A002CAECE /* Profile.swift in Sources */ = {isa = PBXBuildFile; fileRef = 06A3C00D26F8FB1A002CAECE /* Profile.swift */; };
		06A3C01126F8FBEC002CAECE /* ProfileHost.swift in Sources */ = {isa = PBXBuildFile; fileRef = 06A3C01026F8FBEC002CAECE /* ProfileHost.swift */; };
		06A3C01326F8FC97002CAECE /* ProfileSummary.swift in Sources */ = {isa = PBXBuildFile; fileRef = 06A3C01226F8FC97002CAECE /* ProfileSummary.swift */; };
		06A3C01526F8FD2E002CAECE /* HikeBadge.swift in Sources */ = {isa = PBXBuildFile; fileRef = 06A3C01426F8FD2E002CAECE /* HikeBadge.swift */; };
		06A3C01726F9019B002CAECE /* ProfileEditor.swift in Sources */ = {isa = PBXBuildFile; fileRef = 06A3C01626F9019B002CAECE /* ProfileEditor.swift */; };
		06A3C01C26F90589002CAECE /* PageViewController.swift in Sources */ = {isa = PBXBuildFile; fileRef = 06A3C01B26F90589002CAECE /* PageViewController.swift */; };
		06A3C01E26F90B8D002CAECE /* FeatureCard.swift in Sources */ = {isa = PBXBuildFile; fileRef = 06A3C01D26F90B8D002CAECE /* FeatureCard.swift */; };
		06A3C02026F90C1D002CAECE /* PageView.swift in Sources */ = {isa = PBXBuildFile; fileRef = 06A3C01F26F90C1D002CAECE /* PageView.swift */; };
		06A3C02226F9152C002CAECE /* PageControl.swift in Sources */ = {isa = PBXBuildFile; fileRef = 06A3C02126F9152C002CAECE /* PageControl.swift */; };
		06A687BF26D80C8500E3225E /* CategoryHome.swift in Sources */ = {isa = PBXBuildFile; fileRef = 06A687BE26D80C8500E3225E /* CategoryHome.swift */; };
		06A687C126D81E3500E3225E /* CategoryRow.swift in Sources */ = {isa = PBXBuildFile; fileRef = 06A687C026D81E3500E3225E /* CategoryRow.swift */; };
		06A687C326D820B100E3225E /* CategoryItem.swift in Sources */ = {isa = PBXBuildFile; fileRef = 06A687C226D820B100E3225E /* CategoryItem.swift */; };
		06C526B726D402F80063F5AC /* FavoriteButton.swift in Sources */ = {isa = PBXBuildFile; fileRef = 06C526B626D402F80063F5AC /* FavoriteButton.swift */; };
		06D84D2326C99D91009ED23A /* LandmarksApp.swift in Sources */ = {isa = PBXBuildFile; fileRef = 06D84D2226C99D91009ED23A /* LandmarksApp.swift */; };
		06D84D2526C99D91009ED23A /* ContentView.swift in Sources */ = {isa = PBXBuildFile; fileRef = 06D84D2426C99D91009ED23A /* ContentView.swift */; };
		06D84D2726C99D96009ED23A /* Assets.xcassets in Resources */ = {isa = PBXBuildFile; fileRef = 06D84D2626C99D96009ED23A /* Assets.xcassets */; };
		06D84D2A26C99D96009ED23A /* Preview Assets.xcassets in Resources */ = {isa = PBXBuildFile; fileRef = 06D84D2926C99D96009ED23A /* Preview Assets.xcassets */; };
/* End PBXBuildFile section */

/* Begin PBXContainerItemProxy section */
		068BB11527024065007B004E /* PBXContainerItemProxy */ = {
			isa = PBXContainerItemProxy;
			containerPortal = 06D84D1726C99D91009ED23A /* Project object */;
			proxyType = 1;
			remoteGlobalIDString = 068BB11227024065007B004E;
			remoteInfo = "WatchLandmarks Extension";
		};
		068BB12927024066007B004E /* PBXContainerItemProxy */ = {
			isa = PBXContainerItemProxy;
			containerPortal = 06D84D1726C99D91009ED23A /* Project object */;
			proxyType = 1;
			remoteGlobalIDString = 068BB1092702405F007B004E;
			remoteInfo = WatchLandmarks;
		};
/* End PBXContainerItemProxy section */

/* Begin PBXCopyFilesBuildPhase section */
		068BB12C27024066007B004E /* Embed Watch Content */ = {
			isa = PBXCopyFilesBuildPhase;
			buildActionMask = 2147483647;
			dstPath = "$(CONTENTS_FOLDER_PATH)/Watch";
			dstSubfolderSpec = 16;
			files = (
				068BB12B27024066007B004E /* WatchLandmarks.app in Embed Watch Content */,
			);
			name = "Embed Watch Content";
			runOnlyForDeploymentPostprocessing = 0;
		};
		068BB12F27024066007B004E /* Embed App Extensions */ = {
			isa = PBXCopyFilesBuildPhase;
			buildActionMask = 2147483647;
			dstPath = "";
			dstSubfolderSpec = 13;
			files = (
				068BB11427024065007B004E /* WatchLandmarks Extension.appex in Embed App Extensions */,
			);
			name = "Embed App Extensions";
			runOnlyForDeploymentPostprocessing = 0;
		};
/* End PBXCopyFilesBuildPhase section */

/* Begin PBXFileReference section */
		0611F90626D55A05005D97C8 /* HexagonParameters.swift */ = {isa = PBXFileReference; lastKnownFileType = sourcecode.swift; path = HexagonParameters.swift; sourceTree = "<group>"; };
		0611F90826D55B58005D97C8 /* BadgeBackground.swift */ = {isa = PBXFileReference; lastKnownFileType = sourcecode.swift; path = BadgeBackground.swift; sourceTree = "<group>"; };
		0611F90A26D55F75005D97C8 /* BadgeSymbol.swift */ = {isa = PBXFileReference; lastKnownFileType = sourcecode.swift; path = BadgeSymbol.swift; sourceTree = "<group>"; };
		0611F90C26D56027005D97C8 /* RotatedBadgeSymbol.swift */ = {isa = PBXFileReference; lastKnownFileType = sourcecode.swift; path = RotatedBadgeSymbol.swift; sourceTree = "<group>"; };
		0611F90E26D56062005D97C8 /* Badge.swift */ = {isa = PBXFileReference; lastKnownFileType = sourcecode.swift; path = Badge.swift; sourceTree = "<group>"; };
		0611F91126D56475005D97C8 /* hikeData.json */ = {isa = PBXFileReference; fileEncoding = 4; lastKnownFileType = text.json; path = hikeData.json; sourceTree = "<group>"; };
		0611F91326D5648F005D97C8 /* Hike.swift */ = {isa = PBXFileReference; lastKnownFileType = sourcecode.swift; path = Hike.swift; sourceTree = "<group>"; };
		0611F91626D564F6005D97C8 /* GraphCapsule.swift */ = {isa = PBXFileReference; fileEncoding = 4; lastKnownFileType = sourcecode.swift; path = GraphCapsule.swift; sourceTree = "<group>"; };
		0611F91726D564F6005D97C8 /* HikeGraph.swift */ = {isa = PBXFileReference; fileEncoding = 4; lastKnownFileType = sourcecode.swift; path = HikeGraph.swift; sourceTree = "<group>"; };
		0611F91826D564F6005D97C8 /* HikeDetail.swift */ = {isa = PBXFileReference; fileEncoding = 4; lastKnownFileType = sourcecode.swift; path = HikeDetail.swift; sourceTree = "<group>"; };
		0611F91926D564F6005D97C8 /* HikeView.swift */ = {isa = PBXFileReference; fileEncoding = 4; lastKnownFileType = sourcecode.swift; path = HikeView.swift; sourceTree = "<group>"; };
		063F62C726CED84B002EC3F6 /* landmarkData.json */ = {isa = PBXFileReference; fileEncoding = 4; lastKnownFileType = text.json; path = landmarkData.json; sourceTree = "<group>"; };
		063F62C926CED87C002EC3F6 /* Landmark.swift */ = {isa = PBXFileReference; lastKnownFileType = sourcecode.swift; path = Landmark.swift; sourceTree = "<group>"; };
		063F62E126CEDA50002EC3F6 /* ModelData.swift */ = {isa = PBXFileReference; lastKnownFileType = sourcecode.swift; path = ModelData.swift; sourceTree = "<group>"; };
		063F62E626CEDED6002EC3F6 /* LandmarkRow.swift */ = {isa = PBXFileReference; lastKnownFileType = sourcecode.swift; path = LandmarkRow.swift; sourceTree = "<group>"; };
		063F62E826CEE489002EC3F6 /* LandmarkList.swift */ = {isa = PBXFileReference; lastKnownFileType = sourcecode.swift; path = LandmarkList.swift; sourceTree = "<group>"; };
		063F62EA26CEE6AD002EC3F6 /* LandmarkDetail.swift */ = {isa = PBXFileReference; lastKnownFileType = sourcecode.swift; path = LandmarkDetail.swift; sourceTree = "<group>"; };
		066F6C1326CC10E6007F6E4A /* CircleImage.swift */ = {isa = PBXFileReference; lastKnownFileType = sourcecode.swift; path = CircleImage.swift; sourceTree = "<group>"; };
		066F6C1526CC143A007F6E4A /* MapView.swift */ = {isa = PBXFileReference; lastKnownFileType = sourcecode.swift; path = MapView.swift; sourceTree = "<group>"; };
		06871CDC27038EBE00E824E8 /* MacLandmarks.app */ = {isa = PBXFileReference; explicitFileType = wrapper.application; includeInIndex = 0; path = MacLandmarks.app; sourceTree = BUILT_PRODUCTS_DIR; };
		06871CE027038EBE00E824E8 /* ContentView.swift */ = {isa = PBXFileReference; lastKnownFileType = sourcecode.swift; path = ContentView.swift; sourceTree = "<group>"; };
		06871CE227038EC200E824E8 /* Assets.xcassets */ = {isa = PBXFileReference; lastKnownFileType = folder.assetcatalog; path = Assets.xcassets; sourceTree = "<group>"; };
		06871CE527038EC200E824E8 /* Preview Assets.xcassets */ = {isa = PBXFileReference; lastKnownFileType = folder.assetcatalog; path = "Preview Assets.xcassets"; sourceTree = "<group>"; };
		06871CE727038EC200E824E8 /* Info.plist */ = {isa = PBXFileReference; lastKnownFileType = text.plist.xml; path = Info.plist; sourceTree = "<group>"; };
		06871CE827038EC200E824E8 /* MacLandmarks.entitlements */ = {isa = PBXFileReference; lastKnownFileType = text.plist.entitlements; path = MacLandmarks.entitlements; sourceTree = "<group>"; };
		06871CF9270392A200E824E8 /* LandmarkDetail.swift */ = {isa = PBXFileReference; lastKnownFileType = sourcecode.swift; path = LandmarkDetail.swift; sourceTree = "<group>"; };
		06871CFB2703955900E824E8 /* LandmarkList.swift */ = {isa = PBXFileReference; lastKnownFileType = sourcecode.swift; path = LandmarkList.swift; sourceTree = "<group>"; };
		06871CFD270399C000E824E8 /* LandmarkCommands.swift */ = {isa = PBXFileReference; lastKnownFileType = sourcecode.swift; path = LandmarkCommands.swift; sourceTree = "<group>"; };
		06871D0227039E8A00E824E8 /* LandmarkSettings.swift */ = {isa = PBXFileReference; lastKnownFileType = sourcecode.swift; path = LandmarkSettings.swift; sourceTree = "<group>"; };
		068BB10A2702405F007B004E /* WatchLandmarks.app */ = {isa = PBXFileReference; explicitFileType = wrapper.application; includeInIndex = 0; path = WatchLandmarks.app; sourceTree = BUILT_PRODUCTS_DIR; };
		068BB10C27024064007B004E /* Assets.xcassets */ = {isa = PBXFileReference; lastKnownFileType = folder.assetcatalog; path = Assets.xcassets; sourceTree = "<group>"; };
		068BB10E27024064007B004E /* Info.plist */ = {isa = PBXFileReference; lastKnownFileType = text.plist.xml; path = Info.plist; sourceTree = "<group>"; };
		068BB11327024065007B004E /* WatchLandmarks Extension.appex */ = {isa = PBXFileReference; explicitFileType = "wrapper.app-extension"; includeInIndex = 0; path = "WatchLandmarks Extension.appex"; sourceTree = BUILT_PRODUCTS_DIR; };
		068BB11A27024065007B004E /* ContentView.swift */ = {isa = PBXFileReference; lastKnownFileType = sourcecode.swift; path = ContentView.swift; sourceTree = "<group>"; };
		068BB11C27024065007B004E /* NotificationController.swift */ = {isa = PBXFileReference; lastKnownFileType = sourcecode.swift; path = NotificationController.swift; sourceTree = "<group>"; };
		068BB11E27024065007B004E /* NotificationView.swift */ = {isa = PBXFileReference; lastKnownFileType = sourcecode.swift; path = NotificationView.swift; sourceTree = "<group>"; };
		068BB12027024065007B004E /* ComplicationController.swift */ = {isa = PBXFileReference; lastKnownFileType = sourcecode.swift; path = ComplicationController.swift; sourceTree = "<group>"; };
		068BB12227024066007B004E /* Assets.xcassets */ = {isa = PBXFileReference; lastKnownFileType = folder.assetcatalog; path = Assets.xcassets; sourceTree = "<group>"; };
		068BB12527024066007B004E /* Preview Assets.xcassets */ = {isa = PBXFileReference; lastKnownFileType = folder.assetcatalog; path = "Preview Assets.xcassets"; sourceTree = "<group>"; };
		068BB12727024066007B004E /* Info.plist */ = {isa = PBXFileReference; lastKnownFileType = text.plist.xml; path = Info.plist; sourceTree = "<group>"; };
		068BB12827024066007B004E /* PushNotificationPayload.apns */ = {isa = PBXFileReference; lastKnownFileType = text; path = PushNotificationPayload.apns; sourceTree = "<group>"; };
		068BB14027024345007B004E /* LandmarkDetail.swift */ = {isa = PBXFileReference; lastKnownFileType = sourcecode.swift; path = LandmarkDetail.swift; sourceTree = "<group>"; };
		06A3C00D26F8FB1A002CAECE /* Profile.swift */ = {isa = PBXFileReference; lastKnownFileType = sourcecode.swift; path = Profile.swift; sourceTree = "<group>"; };
		06A3C01026F8FBEC002CAECE /* ProfileHost.swift */ = {isa = PBXFileReference; lastKnownFileType = sourcecode.swift; path = ProfileHost.swift; sourceTree = "<group>"; };
		06A3C01226F8FC97002CAECE /* ProfileSummary.swift */ = {isa = PBXFileReference; lastKnownFileType = sourcecode.swift; path = ProfileSummary.swift; sourceTree = "<group>"; };
		06A3C01426F8FD2E002CAECE /* HikeBadge.swift */ = {isa = PBXFileReference; lastKnownFileType = sourcecode.swift; path = HikeBadge.swift; sourceTree = "<group>"; };
		06A3C01626F9019B002CAECE /* ProfileEditor.swift */ = {isa = PBXFileReference; lastKnownFileType = sourcecode.swift; path = ProfileEditor.swift; sourceTree = "<group>"; };
		06A3C01B26F90589002CAECE /* PageViewController.swift */ = {isa = PBXFileReference; lastKnownFileType = sourcecode.swift; path = PageViewController.swift; sourceTree = "<group>"; };
		06A3C01D26F90B8D002CAECE /* FeatureCard.swift */ = {isa = PBXFileReference; lastKnownFileType = sourcecode.swift; path = FeatureCard.swift; sourceTree = "<group>"; };
		06A3C01F26F90C1D002CAECE /* PageView.swift */ = {isa = PBXFileReference; lastKnownFileType = sourcecode.swift; path = PageView.swift; sourceTree = "<group>"; };
		06A3C02126F9152C002CAECE /* PageControl.swift */ = {isa = PBXFileReference; lastKnownFileType = sourcecode.swift; path = PageControl.swift; sourceTree = "<group>"; };
		06A687BE26D80C8500E3225E /* CategoryHome.swift */ = {isa = PBXFileReference; lastKnownFileType = sourcecode.swift; path = CategoryHome.swift; sourceTree = "<group>"; };
		06A687C026D81E3500E3225E /* CategoryRow.swift */ = {isa = PBXFileReference; lastKnownFileType = sourcecode.swift; path = CategoryRow.swift; sourceTree = "<group>"; };
		06A687C226D820B100E3225E /* CategoryItem.swift */ = {isa = PBXFileReference; lastKnownFileType = sourcecode.swift; path = CategoryItem.swift; sourceTree = "<group>"; };
		06C526B626D402F80063F5AC /* FavoriteButton.swift */ = {isa = PBXFileReference; lastKnownFileType = sourcecode.swift; path = FavoriteButton.swift; sourceTree = "<group>"; };
		06D84D1F26C99D91009ED23A /* Landmarks.app */ = {isa = PBXFileReference; explicitFileType = wrapper.application; includeInIndex = 0; path = Landmarks.app; sourceTree = BUILT_PRODUCTS_DIR; };
		06D84D2226C99D91009ED23A /* LandmarksApp.swift */ = {isa = PBXFileReference; lastKnownFileType = sourcecode.swift; path = LandmarksApp.swift; sourceTree = "<group>"; };
		06D84D2426C99D91009ED23A /* ContentView.swift */ = {isa = PBXFileReference; lastKnownFileType = sourcecode.swift; path = ContentView.swift; sourceTree = "<group>"; };
		06D84D2626C99D96009ED23A /* Assets.xcassets */ = {isa = PBXFileReference; lastKnownFileType = folder.assetcatalog; path = Assets.xcassets; sourceTree = "<group>"; };
		06D84D2926C99D96009ED23A /* Preview Assets.xcassets */ = {isa = PBXFileReference; lastKnownFileType = folder.assetcatalog; path = "Preview Assets.xcassets"; sourceTree = "<group>"; };
		06D84D2B26C99D96009ED23A /* Info.plist */ = {isa = PBXFileReference; lastKnownFileType = text.plist.xml; path = Info.plist; sourceTree = "<group>"; };
/* End PBXFileReference section */

/* Begin PBXFrameworksBuildPhase section */
		06871CD927038EBD00E824E8 /* Frameworks */ = {
			isa = PBXFrameworksBuildPhase;
			buildActionMask = 2147483647;
			files = (
			);
			runOnlyForDeploymentPostprocessing = 0;
		};
		068BB11027024065007B004E /* Frameworks */ = {
			isa = PBXFrameworksBuildPhase;
			buildActionMask = 2147483647;
			files = (
			);
			runOnlyForDeploymentPostprocessing = 0;
		};
		06D84D1C26C99D91009ED23A /* Frameworks */ = {
			isa = PBXFrameworksBuildPhase;
			buildActionMask = 2147483647;
			files = (
			);
			runOnlyForDeploymentPostprocessing = 0;
		};
/* End PBXFrameworksBuildPhase section */

/* Begin PBXGroup section */
		0611F91026D561B4005D97C8 /* Badge */ = {
			isa = PBXGroup;
			children = (
				0611F90A26D55F75005D97C8 /* BadgeSymbol.swift */,
				0611F90C26D56027005D97C8 /* RotatedBadgeSymbol.swift */,
				0611F90E26D56062005D97C8 /* Badge.swift */,
				0611F90626D55A05005D97C8 /* HexagonParameters.swift */,
				0611F90826D55B58005D97C8 /* BadgeBackground.swift */,
			);
			path = Badge;
			sourceTree = "<group>";
		};
		0611F91526D564F6005D97C8 /* Hikes */ = {
			isa = PBXGroup;
			children = (
				0611F91626D564F6005D97C8 /* GraphCapsule.swift */,
				0611F91726D564F6005D97C8 /* HikeGraph.swift */,
				0611F91826D564F6005D97C8 /* HikeDetail.swift */,
				0611F91926D564F6005D97C8 /* HikeView.swift */,
				06A3C01426F8FD2E002CAECE /* HikeBadge.swift */,
			);
			path = Hikes;
			sourceTree = "<group>";
		};
		063F62E326CEDD13002EC3F6 /* Views */ = {
			isa = PBXGroup;
			children = (
				06A3C01826F904FE002CAECE /* PageViewController */,
				06A3C00F26F8FBCA002CAECE /* Profiles */,
				06A687BD26D80C7400E3225E /* Categories */,
				0611F91526D564F6005D97C8 /* Hikes */,
				06D84D2426C99D91009ED23A /* ContentView.swift */,
			);
			path = Views;
			sourceTree = "<group>";
		};
		063F62E426CEDD1A002EC3F6 /* Model */ = {
			isa = PBXGroup;
			children = (
				063F62C926CED87C002EC3F6 /* Landmark.swift */,
				063F62E126CEDA50002EC3F6 /* ModelData.swift */,
				0611F91326D5648F005D97C8 /* Hike.swift */,
				06A3C00D26F8FB1A002CAECE /* Profile.swift */,
			);
			path = Model;
			sourceTree = "<group>";
		};
		063F62E526CEDD1F002EC3F6 /* Resources */ = {
			isa = PBXGroup;
			children = (
				0611F91126D56475005D97C8 /* hikeData.json */,
				063F62C726CED84B002EC3F6 /* landmarkData.json */,
			);
			path = Resources;
			sourceTree = "<group>";
		};
		06871CDD27038EBE00E824E8 /* MacLandmarks */ = {
			isa = PBXGroup;
			children = (
				06871D0227039E8A00E824E8 /* LandmarkSettings.swift */,
				06D84D2226C99D91009ED23A /* LandmarksApp.swift */,
				06871CE027038EBE00E824E8 /* ContentView.swift */,
				06871CE227038EC200E824E8 /* Assets.xcassets */,
				06871CE727038EC200E824E8 /* Info.plist */,
				06871CE827038EC200E824E8 /* MacLandmarks.entitlements */,
				06871CE427038EC200E824E8 /* Preview Content */,
				06871CF9270392A200E824E8 /* LandmarkDetail.swift */,
				06871CFD270399C000E824E8 /* LandmarkCommands.swift */,
			);
			path = MacLandmarks;
			sourceTree = "<group>";
		};
		06871CE427038EC200E824E8 /* Preview Content */ = {
			isa = PBXGroup;
			children = (
				06871CE527038EC200E824E8 /* Preview Assets.xcassets */,
			);
			path = "Preview Content";
			sourceTree = "<group>";
		};
		068BB10B2702405F007B004E /* WatchLandmarks */ = {
			isa = PBXGroup;
			children = (
				068BB10C27024064007B004E /* Assets.xcassets */,
				068BB10E27024064007B004E /* Info.plist */,
			);
			path = WatchLandmarks;
			sourceTree = "<group>";
		};
		068BB11727024065007B004E /* WatchLandmarks Extension */ = {
			isa = PBXGroup;
			children = (
				068BB11A27024065007B004E /* ContentView.swift */,
				068BB11C27024065007B004E /* NotificationController.swift */,
				068BB11E27024065007B004E /* NotificationView.swift */,
				068BB12027024065007B004E /* ComplicationController.swift */,
				068BB12227024066007B004E /* Assets.xcassets */,
				068BB12727024066007B004E /* Info.plist */,
				068BB12827024066007B004E /* PushNotificationPayload.apns */,
				068BB12427024066007B004E /* Preview Content */,
				068BB14027024345007B004E /* LandmarkDetail.swift */,
				06871CFB2703955900E824E8 /* LandmarkList.swift */,
			);
			path = "WatchLandmarks Extension";
			sourceTree = "<group>";
		};
		068BB12427024066007B004E /* Preview Content */ = {
			isa = PBXGroup;
			children = (
				068BB12527024066007B004E /* Preview Assets.xcassets */,
			);
			path = "Preview Content";
			sourceTree = "<group>";
		};
		06A3C00F26F8FBCA002CAECE /* Profiles */ = {
			isa = PBXGroup;
			children = (
				06A3C01026F8FBEC002CAECE /* ProfileHost.swift */,
				06A3C01226F8FC97002CAECE /* ProfileSummary.swift */,
				06A3C01626F9019B002CAECE /* ProfileEditor.swift */,
			);
			path = Profiles;
			sourceTree = "<group>";
		};
		06A3C01826F904FE002CAECE /* PageViewController */ = {
			isa = PBXGroup;
			children = (
				06A3C01B26F90589002CAECE /* PageViewController.swift */,
				06A3C01D26F90B8D002CAECE /* FeatureCard.swift */,
				06A3C01F26F90C1D002CAECE /* PageView.swift */,
				06A3C02126F9152C002CAECE /* PageControl.swift */,
			);
			path = PageViewController;
			sourceTree = "<group>";
		};
		06A687BD26D80C7400E3225E /* Categories */ = {
			isa = PBXGroup;
			children = (
				06A687BE26D80C8500E3225E /* CategoryHome.swift */,
				06A687C026D81E3500E3225E /* CategoryRow.swift */,
				06A687C226D820B100E3225E /* CategoryItem.swift */,
			);
			path = Categories;
			sourceTree = "<group>";
		};
		06C526B826D4039C0063F5AC /* Helpers */ = {
			isa = PBXGroup;
			children = (
				066F6C1326CC10E6007F6E4A /* CircleImage.swift */,
				066F6C1526CC143A007F6E4A /* MapView.swift */,
				06C526B626D402F80063F5AC /* FavoriteButton.swift */,
			);
			path = Helpers;
			sourceTree = "<group>";
		};
		06C526B926D403C00063F5AC /* Landmarks */ = {
			isa = PBXGroup;
			children = (
				063F62E626CEDED6002EC3F6 /* LandmarkRow.swift */,
				063F62E826CEE489002EC3F6 /* LandmarkList.swift */,
				063F62EA26CEE6AD002EC3F6 /* LandmarkDetail.swift */,
			);
			path = Landmarks;
			sourceTree = "<group>";
		};
		06D84D1626C99D91009ED23A = {
			isa = PBXGroup;
			children = (
				06D84D2126C99D91009ED23A /* Landmarks */,
				068BB10B2702405F007B004E /* WatchLandmarks */,
				068BB11727024065007B004E /* WatchLandmarks Extension */,
				06871CDD27038EBE00E824E8 /* MacLandmarks */,
				06D84D2026C99D91009ED23A /* Products */,
			);
			sourceTree = "<group>";
		};
		06D84D2026C99D91009ED23A /* Products */ = {
			isa = PBXGroup;
			children = (
				06D84D1F26C99D91009ED23A /* Landmarks.app */,
				068BB10A2702405F007B004E /* WatchLandmarks.app */,
				068BB11327024065007B004E /* WatchLandmarks Extension.appex */,
				06871CDC27038EBE00E824E8 /* MacLandmarks.app */,
			);
			name = Products;
			sourceTree = "<group>";
		};
		06D84D2126C99D91009ED23A /* Landmarks */ = {
			isa = PBXGroup;
			children = (
				0611F91026D561B4005D97C8 /* Badge */,
				06C526B926D403C00063F5AC /* Landmarks */,
				06C526B826D4039C0063F5AC /* Helpers */,
				063F62E526CEDD1F002EC3F6 /* Resources */,
				063F62E426CEDD1A002EC3F6 /* Model */,
				063F62E326CEDD13002EC3F6 /* Views */,
				06D84D2626C99D96009ED23A /* Assets.xcassets */,
				06D84D2B26C99D96009ED23A /* Info.plist */,
				06D84D2826C99D96009ED23A /* Preview Content */,
			);
			path = Landmarks;
			sourceTree = "<group>";
		};
		06D84D2826C99D96009ED23A /* Preview Content */ = {
			isa = PBXGroup;
			children = (
				06D84D2926C99D96009ED23A /* Preview Assets.xcassets */,
			);
			path = "Preview Content";
			sourceTree = "<group>";
		};
/* End PBXGroup section */

/* Begin PBXNativeTarget section */
		06871CDB27038EBD00E824E8 /* MacLandmarks */ = {
			isa = PBXNativeTarget;
			buildConfigurationList = 06871CEB27038EC200E824E8 /* Build configuration list for PBXNativeTarget "MacLandmarks" */;
			buildPhases = (
				06871CD827038EBD00E824E8 /* Sources */,
				06871CD927038EBD00E824E8 /* Frameworks */,
				06871CDA27038EBD00E824E8 /* Resources */,
			);
			buildRules = (
			);
			dependencies = (
			);
			name = MacLandmarks;
			productName = MacLandmarks;
			productReference = 06871CDC27038EBE00E824E8 /* MacLandmarks.app */;
			productType = "com.apple.product-type.application";
		};
		068BB1092702405F007B004E /* WatchLandmarks */ = {
			isa = PBXNativeTarget;
			buildConfigurationList = 068BB13327024066007B004E /* Build configuration list for PBXNativeTarget "WatchLandmarks" */;
			buildPhases = (
				068BB1082702405F007B004E /* Resources */,
				068BB12F27024066007B004E /* Embed App Extensions */,
			);
			buildRules = (
			);
			dependencies = (
				068BB11627024065007B004E /* PBXTargetDependency */,
			);
			name = WatchLandmarks;
			productName = WatchLandmarks;
			productReference = 068BB10A2702405F007B004E /* WatchLandmarks.app */;
			productType = "com.apple.product-type.application.watchapp2";
		};
		068BB11227024065007B004E /* WatchLandmarks Extension */ = {
			isa = PBXNativeTarget;
			buildConfigurationList = 068BB13227024066007B004E /* Build configuration list for PBXNativeTarget "WatchLandmarks Extension" */;
			buildPhases = (
				068BB10F27024065007B004E /* Sources */,
				068BB11027024065007B004E /* Frameworks */,
				068BB11127024065007B004E /* Resources */,
			);
			buildRules = (
			);
			dependencies = (
			);
			name = "WatchLandmarks Extension";
			productName = "WatchLandmarks Extension";
			productReference = 068BB11327024065007B004E /* WatchLandmarks Extension.appex */;
			productType = "com.apple.product-type.watchkit2-extension";
		};
		06D84D1E26C99D91009ED23A /* Landmarks */ = {
			isa = PBXNativeTarget;
			buildConfigurationList = 06D84D2E26C99D96009ED23A /* Build configuration list for PBXNativeTarget "Landmarks" */;
			buildPhases = (
				06D84D1B26C99D91009ED23A /* Sources */,
				06D84D1C26C99D91009ED23A /* Frameworks */,
				06D84D1D26C99D91009ED23A /* Resources */,
				068BB12C27024066007B004E /* Embed Watch Content */,
			);
			buildRules = (
			);
			dependencies = (
				068BB12A27024066007B004E /* PBXTargetDependency */,
			);
			name = Landmarks;
			productName = Landmarks;
			productReference = 06D84D1F26C99D91009ED23A /* Landmarks.app */;
			productType = "com.apple.product-type.application";
		};
/* End PBXNativeTarget section */

/* Begin PBXProject section */
		06D84D1726C99D91009ED23A /* Project object */ = {
			isa = PBXProject;
			attributes = {
				LastSwiftUpdateCheck = 1250;
				LastUpgradeCheck = 1250;
				TargetAttributes = {
					06871CDB27038EBD00E824E8 = {
						CreatedOnToolsVersion = 12.5.1;
					};
					068BB1092702405F007B004E = {
						CreatedOnToolsVersion = 12.5.1;
					};
					068BB11227024065007B004E = {
						CreatedOnToolsVersion = 12.5.1;
					};
					06D84D1E26C99D91009ED23A = {
						CreatedOnToolsVersion = 12.5.1;
					};
				};
			};
			buildConfigurationList = 06D84D1A26C99D91009ED23A /* Build configuration list for PBXProject "Landmarks" */;
			compatibilityVersion = "Xcode 9.3";
			developmentRegion = en;
			hasScannedForEncodings = 0;
			knownRegions = (
				en,
				Base,
			);
			mainGroup = 06D84D1626C99D91009ED23A;
			productRefGroup = 06D84D2026C99D91009ED23A /* Products */;
			projectDirPath = "";
			projectRoot = "";
			targets = (
				06D84D1E26C99D91009ED23A /* Landmarks */,
				068BB1092702405F007B004E /* WatchLandmarks */,
				068BB11227024065007B004E /* WatchLandmarks Extension */,
				06871CDB27038EBD00E824E8 /* MacLandmarks */,
			);
		};
/* End PBXProject section */

/* Begin PBXResourcesBuildPhase section */
		06871CDA27038EBD00E824E8 /* Resources */ = {
			isa = PBXResourcesBuildPhase;
			buildActionMask = 2147483647;
			files = (
				06871CE627038EC200E824E8 /* Preview Assets.xcassets in Resources */,
				06871CE327038EC200E824E8 /* Assets.xcassets in Resources */,
				06871CF32703922400E824E8 /* Assets.xcassets in Resources */,
				06871CEF2703922400E824E8 /* landmarkData.json in Resources */,
				06871CF82703922400E824E8 /* hikeData.json in Resources */,
			);
			runOnlyForDeploymentPostprocessing = 0;
		};
		068BB1082702405F007B004E /* Resources */ = {
			isa = PBXResourcesBuildPhase;
			buildActionMask = 2147483647;
			files = (
				068BB10D27024064007B004E /* Assets.xcassets in Resources */,
			);
			runOnlyForDeploymentPostprocessing = 0;
		};
		068BB11127024065007B004E /* Resources */ = {
			isa = PBXResourcesBuildPhase;
			buildActionMask = 2147483647;
			files = (
				068BB13B2702424A007B004E /* hikeData.json in Resources */,
				068BB12627024066007B004E /* Preview Assets.xcassets in Resources */,
				068BB12327024066007B004E /* Assets.xcassets in Resources */,
				068BB1372702424A007B004E /* landmarkData.json in Resources */,
				068BB13F2702424A007B004E /* Assets.xcassets in Resources */,
			);
			runOnlyForDeploymentPostprocessing = 0;
		};
		06D84D1D26C99D91009ED23A /* Resources */ = {
			isa = PBXResourcesBuildPhase;
			buildActionMask = 2147483647;
			files = (
				0611F91226D56475005D97C8 /* hikeData.json in Resources */,
				06D84D2A26C99D96009ED23A /* Preview Assets.xcassets in Resources */,
				06D84D2726C99D96009ED23A /* Assets.xcassets in Resources */,
				063F62C826CED84C002EC3F6 /* landmarkData.json in Resources */,
			);
			runOnlyForDeploymentPostprocessing = 0;
		};
/* End PBXResourcesBuildPhase section */

/* Begin PBXSourcesBuildPhase section */
		06871CD827038EBD00E824E8 /* Sources */ = {
			isa = PBXSourcesBuildPhase;
			buildActionMask = 2147483647;
			files = (
				06871CF12703922400E824E8 /* Hike.swift in Sources */,
				06871CE127038EBE00E824E8 /* ContentView.swift in Sources */,
				06871CED2703922400E824E8 /* LandmarksApp.swift in Sources */,
				06871CF62703922400E824E8 /* FavoriteButton.swift in Sources */,
				06871CFF270399C000E824E8 /* LandmarkCommands.swift in Sources */,
				06871D0327039E8A00E824E8 /* LandmarkSettings.swift in Sources */,
				06871CFA270392A200E824E8 /* LandmarkDetail.swift in Sources */,
				06871CF42703922400E824E8 /* Landmark.swift in Sources */,
				06871CEC2703922400E824E8 /* MapView.swift in Sources */,
				06871CF02703922400E824E8 /* LandmarkRow.swift in Sources */,
				06871CEE2703922400E824E8 /* LandmarkList.swift in Sources */,
				06871CF72703922400E824E8 /* CircleImage.swift in Sources */,
				06871CF52703922400E824E8 /* Profile.swift in Sources */,
				06871CF22703922400E824E8 /* ModelData.swift in Sources */,
			);
			runOnlyForDeploymentPostprocessing = 0;
		};
		068BB10F27024065007B004E /* Sources */ = {
			isa = PBXSourcesBuildPhase;
			buildActionMask = 2147483647;
			files = (
				068BB11D27024065007B004E /* NotificationController.swift in Sources */,
				068BB11B27024065007B004E /* ContentView.swift in Sources */,
				068BB12127024065007B004E /* ComplicationController.swift in Sources */,
				068BB13E2702424A007B004E /* Profile.swift in Sources */,
				06871CFC2703955900E824E8 /* LandmarkList.swift in Sources */,
				068BB13C2702424A007B004E /* LandmarksApp.swift in Sources */,
				068BB14127024345007B004E /* LandmarkDetail.swift in Sources */,
				068BB11F27024065007B004E /* NotificationView.swift in Sources */,
				068BB13D2702424A007B004E /* Hike.swift in Sources */,
				068BB1392702424A007B004E /* CircleImage.swift in Sources */,
				068BB1342702424A007B004E /* Landmark.swift in Sources */,
				068BB13A2702424A007B004E /* MapView.swift in Sources */,
				068BB1362702424A007B004E /* LandmarkRow.swift in Sources */,
				068BB1352702424A007B004E /* ModelData.swift in Sources */,
			);
			runOnlyForDeploymentPostprocessing = 0;
		};
		06D84D1B26C99D91009ED23A /* Sources */ = {
			isa = PBXSourcesBuildPhase;
			buildActionMask = 2147483647;
			files = (
				06A687C126D81E3500E3225E /* CategoryRow.swift in Sources */,
				06A3C00E26F8FB1A002CAECE /* Profile.swift in Sources */,
				06871CFE270399C000E824E8 /* LandmarkCommands.swift in Sources */,
				06D84D2526C99D91009ED23A /* ContentView.swift in Sources */,
				06A687BF26D80C8500E3225E /* CategoryHome.swift in Sources */,
				06A3C01E26F90B8D002CAECE /* FeatureCard.swift in Sources */,
				0611F91B26D564F6005D97C8 /* HikeGraph.swift in Sources */,
				0611F90F26D56062005D97C8 /* Badge.swift in Sources */,
				066F6C1626CC143A007F6E4A /* MapView.swift in Sources */,
				0611F91A26D564F6005D97C8 /* GraphCapsule.swift in Sources */,
				06D84D2326C99D91009ED23A /* LandmarksApp.swift in Sources */,
				06A3C02226F9152C002CAECE /* PageControl.swift in Sources */,
				06C526B726D402F80063F5AC /* FavoriteButton.swift in Sources */,
				06A687C326D820B100E3225E /* CategoryItem.swift in Sources */,
				0611F91C26D564F6005D97C8 /* HikeDetail.swift in Sources */,
				06A3C01326F8FC97002CAECE /* ProfileSummary.swift in Sources */,
				0611F90726D55A05005D97C8 /* HexagonParameters.swift in Sources */,
				06A3C01126F8FBEC002CAECE /* ProfileHost.swift in Sources */,
				0611F91426D5648F005D97C8 /* Hike.swift in Sources */,
				0611F90D26D56027005D97C8 /* RotatedBadgeSymbol.swift in Sources */,
				06A3C02026F90C1D002CAECE /* PageView.swift in Sources */,
				0611F90B26D55F75005D97C8 /* BadgeSymbol.swift in Sources */,
				06A3C01726F9019B002CAECE /* ProfileEditor.swift in Sources */,
				063F62E926CEE489002EC3F6 /* LandmarkList.swift in Sources */,
				0611F91D26D564F6005D97C8 /* HikeView.swift in Sources */,
				063F62EB26CEE6AD002EC3F6 /* LandmarkDetail.swift in Sources */,
				06A3C01C26F90589002CAECE /* PageViewController.swift in Sources */,
				0611F90926D55B58005D97C8 /* BadgeBackground.swift in Sources */,
				06A3C01526F8FD2E002CAECE /* HikeBadge.swift in Sources */,
				063F62E726CEDED6002EC3F6 /* LandmarkRow.swift in Sources */,
				063F62E226CEDA50002EC3F6 /* ModelData.swift in Sources */,
				066F6C1426CC10E6007F6E4A /* CircleImage.swift in Sources */,
				063F62CA26CED87C002EC3F6 /* Landmark.swift in Sources */,
			);
			runOnlyForDeploymentPostprocessing = 0;
		};
/* End PBXSourcesBuildPhase section */

/* Begin PBXTargetDependency section */
		068BB11627024065007B004E /* PBXTargetDependency */ = {
			isa = PBXTargetDependency;
			target = 068BB11227024065007B004E /* WatchLandmarks Extension */;
			targetProxy = 068BB11527024065007B004E /* PBXContainerItemProxy */;
		};
		068BB12A27024066007B004E /* PBXTargetDependency */ = {
			isa = PBXTargetDependency;
			target = 068BB1092702405F007B004E /* WatchLandmarks */;
			targetProxy = 068BB12927024066007B004E /* PBXContainerItemProxy */;
		};
/* End PBXTargetDependency section */

/* Begin XCBuildConfiguration section */
		06871CE927038EC200E824E8 /* Debug */ = {
			isa = XCBuildConfiguration;
			buildSettings = {
				ASSETCATALOG_COMPILER_APPICON_NAME = AppIcon;
				ASSETCATALOG_COMPILER_GLOBAL_ACCENT_COLOR_NAME = AccentColor;
				CODE_SIGN_ENTITLEMENTS = MacLandmarks/MacLandmarks.entitlements;
				CODE_SIGN_STYLE = Automatic;
				COMBINE_HIDPI_IMAGES = YES;
				DEVELOPMENT_ASSET_PATHS = "\"MacLandmarks/Preview Content\"";
				ENABLE_PREVIEWS = YES;
				INFOPLIST_FILE = MacLandmarks/Info.plist;
				LD_RUNPATH_SEARCH_PATHS = (
					"$(inherited)",
					"@executable_path/../Frameworks",
				);
				MACOSX_DEPLOYMENT_TARGET = 11.1;
				PRODUCT_BUNDLE_IDENTIFIER = SwiftUITutorials.MacLandmarks;
				PRODUCT_NAME = "$(TARGET_NAME)";
				SDKROOT = macosx;
				SWIFT_VERSION = 5.0;
			};
			name = Debug;
		};
		06871CEA27038EC200E824E8 /* Release */ = {
			isa = XCBuildConfiguration;
			buildSettings = {
				ASSETCATALOG_COMPILER_APPICON_NAME = AppIcon;
				ASSETCATALOG_COMPILER_GLOBAL_ACCENT_COLOR_NAME = AccentColor;
				CODE_SIGN_ENTITLEMENTS = MacLandmarks/MacLandmarks.entitlements;
				CODE_SIGN_STYLE = Automatic;
				COMBINE_HIDPI_IMAGES = YES;
				DEVELOPMENT_ASSET_PATHS = "\"MacLandmarks/Preview Content\"";
				ENABLE_PREVIEWS = YES;
				INFOPLIST_FILE = MacLandmarks/Info.plist;
				LD_RUNPATH_SEARCH_PATHS = (
					"$(inherited)",
					"@executable_path/../Frameworks",
				);
				MACOSX_DEPLOYMENT_TARGET = 11.1;
				PRODUCT_BUNDLE_IDENTIFIER = SwiftUITutorials.MacLandmarks;
				PRODUCT_NAME = "$(TARGET_NAME)";
				SDKROOT = macosx;
				SWIFT_VERSION = 5.0;
			};
			name = Release;
		};
		068BB12D27024066007B004E /* Debug */ = {
			isa = XCBuildConfiguration;
			buildSettings = {
				ALWAYS_EMBED_SWIFT_STANDARD_LIBRARIES = YES;
				ASSETCATALOG_COMPILER_APPICON_NAME = AppIcon;
				ASSETCATALOG_COMPILER_GLOBAL_ACCENT_COLOR_NAME = AccentColor;
				CODE_SIGN_STYLE = Automatic;
				IBSC_MODULE = WatchLandmarks_Extension;
				INFOPLIST_FILE = WatchLandmarks/Info.plist;
				PRODUCT_BUNDLE_IDENTIFIER = SwiftUITutorials.Landmarks.watchkitapp;
				PRODUCT_NAME = "$(TARGET_NAME)";
				SDKROOT = watchos;
				SKIP_INSTALL = YES;
				SWIFT_VERSION = 5.0;
				TARGETED_DEVICE_FAMILY = 4;
				WATCHOS_DEPLOYMENT_TARGET = 7.4;
			};
			name = Debug;
		};
		068BB12E27024066007B004E /* Release */ = {
			isa = XCBuildConfiguration;
			buildSettings = {
				ALWAYS_EMBED_SWIFT_STANDARD_LIBRARIES = YES;
				ASSETCATALOG_COMPILER_APPICON_NAME = AppIcon;
				ASSETCATALOG_COMPILER_GLOBAL_ACCENT_COLOR_NAME = AccentColor;
				CODE_SIGN_STYLE = Automatic;
				IBSC_MODULE = WatchLandmarks_Extension;
				INFOPLIST_FILE = WatchLandmarks/Info.plist;
				PRODUCT_BUNDLE_IDENTIFIER = SwiftUITutorials.Landmarks.watchkitapp;
				PRODUCT_NAME = "$(TARGET_NAME)";
				SDKROOT = watchos;
				SKIP_INSTALL = YES;
				SWIFT_VERSION = 5.0;
				TARGETED_DEVICE_FAMILY = 4;
				WATCHOS_DEPLOYMENT_TARGET = 7.4;
			};
			name = Release;
		};
		068BB13027024066007B004E /* Debug */ = {
			isa = XCBuildConfiguration;
			buildSettings = {
				ASSETCATALOG_COMPILER_COMPLICATION_NAME = Complication;
				CODE_SIGN_STYLE = Automatic;
				DEVELOPMENT_ASSET_PATHS = "\"WatchLandmarks Extension/Preview Content\"";
				ENABLE_PREVIEWS = YES;
				INFOPLIST_FILE = "WatchLandmarks Extension/Info.plist";
				LD_RUNPATH_SEARCH_PATHS = (
					"$(inherited)",
					"@executable_path/Frameworks",
					"@executable_path/../../Frameworks",
				);
				PRODUCT_BUNDLE_IDENTIFIER = SwiftUITutorials.Landmarks.watchkitapp.watchkitextension;
				PRODUCT_NAME = "${TARGET_NAME}";
				SDKROOT = watchos;
				SKIP_INSTALL = YES;
				SWIFT_VERSION = 5.0;
				TARGETED_DEVICE_FAMILY = 4;
				WATCHOS_DEPLOYMENT_TARGET = 7.4;
			};
			name = Debug;
		};
		068BB13127024066007B004E /* Release */ = {
			isa = XCBuildConfiguration;
			buildSettings = {
				ASSETCATALOG_COMPILER_COMPLICATION_NAME = Complication;
				CODE_SIGN_STYLE = Automatic;
				DEVELOPMENT_ASSET_PATHS = "\"WatchLandmarks Extension/Preview Content\"";
				ENABLE_PREVIEWS = YES;
				INFOPLIST_FILE = "WatchLandmarks Extension/Info.plist";
				LD_RUNPATH_SEARCH_PATHS = (
					"$(inherited)",
					"@executable_path/Frameworks",
					"@executable_path/../../Frameworks",
				);
				PRODUCT_BUNDLE_IDENTIFIER = SwiftUITutorials.Landmarks.watchkitapp.watchkitextension;
				PRODUCT_NAME = "${TARGET_NAME}";
				SDKROOT = watchos;
				SKIP_INSTALL = YES;
				SWIFT_VERSION = 5.0;
				TARGETED_DEVICE_FAMILY = 4;
				WATCHOS_DEPLOYMENT_TARGET = 7.4;
			};
			name = Release;
		};
		06D84D2C26C99D96009ED23A /* Debug */ = {
			isa = XCBuildConfiguration;
			buildSettings = {
				ALWAYS_SEARCH_USER_PATHS = NO;
				CLANG_ANALYZER_NONNULL = YES;
				CLANG_ANALYZER_NUMBER_OBJECT_CONVERSION = YES_AGGRESSIVE;
				CLANG_CXX_LANGUAGE_STANDARD = "gnu++14";
				CLANG_CXX_LIBRARY = "libc++";
				CLANG_ENABLE_MODULES = YES;
				CLANG_ENABLE_OBJC_ARC = YES;
				CLANG_ENABLE_OBJC_WEAK = YES;
				CLANG_WARN_BLOCK_CAPTURE_AUTORELEASING = YES;
				CLANG_WARN_BOOL_CONVERSION = YES;
				CLANG_WARN_COMMA = YES;
				CLANG_WARN_CONSTANT_CONVERSION = YES;
				CLANG_WARN_DEPRECATED_OBJC_IMPLEMENTATIONS = YES;
				CLANG_WARN_DIRECT_OBJC_ISA_USAGE = YES_ERROR;
				CLANG_WARN_DOCUMENTATION_COMMENTS = YES;
				CLANG_WARN_EMPTY_BODY = YES;
				CLANG_WARN_ENUM_CONVERSION = YES;
				CLANG_WARN_INFINITE_RECURSION = YES;
				CLANG_WARN_INT_CONVERSION = YES;
				CLANG_WARN_NON_LITERAL_NULL_CONVERSION = YES;
				CLANG_WARN_OBJC_IMPLICIT_RETAIN_SELF = YES;
				CLANG_WARN_OBJC_LITERAL_CONVERSION = YES;
				CLANG_WARN_OBJC_ROOT_CLASS = YES_ERROR;
				CLANG_WARN_QUOTED_INCLUDE_IN_FRAMEWORK_HEADER = YES;
				CLANG_WARN_RANGE_LOOP_ANALYSIS = YES;
				CLANG_WARN_STRICT_PROTOTYPES = YES;
				CLANG_WARN_SUSPICIOUS_MOVE = YES;
				CLANG_WARN_UNGUARDED_AVAILABILITY = YES_AGGRESSIVE;
				CLANG_WARN_UNREACHABLE_CODE = YES;
				CLANG_WARN__DUPLICATE_METHOD_MATCH = YES;
				COPY_PHASE_STRIP = NO;
				DEBUG_INFORMATION_FORMAT = dwarf;
				ENABLE_STRICT_OBJC_MSGSEND = YES;
				ENABLE_TESTABILITY = YES;
				GCC_C_LANGUAGE_STANDARD = gnu11;
				GCC_DYNAMIC_NO_PIC = NO;
				GCC_NO_COMMON_BLOCKS = YES;
				GCC_OPTIMIZATION_LEVEL = 0;
				GCC_PREPROCESSOR_DEFINITIONS = (
					"DEBUG=1",
					"$(inherited)",
				);
				GCC_WARN_64_TO_32_BIT_CONVERSION = YES;
				GCC_WARN_ABOUT_RETURN_TYPE = YES_ERROR;
				GCC_WARN_UNDECLARED_SELECTOR = YES;
				GCC_WARN_UNINITIALIZED_AUTOS = YES_AGGRESSIVE;
				GCC_WARN_UNUSED_FUNCTION = YES;
				GCC_WARN_UNUSED_VARIABLE = YES;
				IPHONEOS_DEPLOYMENT_TARGET = 14.5;
				MTL_ENABLE_DEBUG_INFO = INCLUDE_SOURCE;
				MTL_FAST_MATH = YES;
				ONLY_ACTIVE_ARCH = YES;
				SDKROOT = iphoneos;
				SWIFT_ACTIVE_COMPILATION_CONDITIONS = DEBUG;
				SWIFT_OPTIMIZATION_LEVEL = "-Onone";
			};
			name = Debug;
		};
		06D84D2D26C99D96009ED23A /* Release */ = {
			isa = XCBuildConfiguration;
			buildSettings = {
				ALWAYS_SEARCH_USER_PATHS = NO;
				CLANG_ANALYZER_NONNULL = YES;
				CLANG_ANALYZER_NUMBER_OBJECT_CONVERSION = YES_AGGRESSIVE;
				CLANG_CXX_LANGUAGE_STANDARD = "gnu++14";
				CLANG_CXX_LIBRARY = "libc++";
				CLANG_ENABLE_MODULES = YES;
				CLANG_ENABLE_OBJC_ARC = YES;
				CLANG_ENABLE_OBJC_WEAK = YES;
				CLANG_WARN_BLOCK_CAPTURE_AUTORELEASING = YES;
				CLANG_WARN_BOOL_CONVERSION = YES;
				CLANG_WARN_COMMA = YES;
				CLANG_WARN_CONSTANT_CONVERSION = YES;
				CLANG_WARN_DEPRECATED_OBJC_IMPLEMENTATIONS = YES;
				CLANG_WARN_DIRECT_OBJC_ISA_USAGE = YES_ERROR;
				CLANG_WARN_DOCUMENTATION_COMMENTS = YES;
				CLANG_WARN_EMPTY_BODY = YES;
				CLANG_WARN_ENUM_CONVERSION = YES;
				CLANG_WARN_INFINITE_RECURSION = YES;
				CLANG_WARN_INT_CONVERSION = YES;
				CLANG_WARN_NON_LITERAL_NULL_CONVERSION = YES;
				CLANG_WARN_OBJC_IMPLICIT_RETAIN_SELF = YES;
				CLANG_WARN_OBJC_LITERAL_CONVERSION = YES;
				CLANG_WARN_OBJC_ROOT_CLASS = YES_ERROR;
				CLANG_WARN_QUOTED_INCLUDE_IN_FRAMEWORK_HEADER = YES;
				CLANG_WARN_RANGE_LOOP_ANALYSIS = YES;
				CLANG_WARN_STRICT_PROTOTYPES = YES;
				CLANG_WARN_SUSPICIOUS_MOVE = YES;
				CLANG_WARN_UNGUARDED_AVAILABILITY = YES_AGGRESSIVE;
				CLANG_WARN_UNREACHABLE_CODE = YES;
				CLANG_WARN__DUPLICATE_METHOD_MATCH = YES;
				COPY_PHASE_STRIP = NO;
				DEBUG_INFORMATION_FORMAT = "dwarf-with-dsym";
				ENABLE_NS_ASSERTIONS = NO;
				ENABLE_STRICT_OBJC_MSGSEND = YES;
				GCC_C_LANGUAGE_STANDARD = gnu11;
				GCC_NO_COMMON_BLOCKS = YES;
				GCC_WARN_64_TO_32_BIT_CONVERSION = YES;
				GCC_WARN_ABOUT_RETURN_TYPE = YES_ERROR;
				GCC_WARN_UNDECLARED_SELECTOR = YES;
				GCC_WARN_UNINITIALIZED_AUTOS = YES_AGGRESSIVE;
				GCC_WARN_UNUSED_FUNCTION = YES;
				GCC_WARN_UNUSED_VARIABLE = YES;
				IPHONEOS_DEPLOYMENT_TARGET = 14.5;
				MTL_ENABLE_DEBUG_INFO = NO;
				MTL_FAST_MATH = YES;
				SDKROOT = iphoneos;
				SWIFT_COMPILATION_MODE = wholemodule;
				SWIFT_OPTIMIZATION_LEVEL = "-O";
				VALIDATE_PRODUCT = YES;
			};
			name = Release;
		};
		06D84D2F26C99D96009ED23A /* Debug */ = {
			isa = XCBuildConfiguration;
			buildSettings = {
				ASSETCATALOG_COMPILER_APPICON_NAME = AppIcon;
				ASSETCATALOG_COMPILER_GLOBAL_ACCENT_COLOR_NAME = AccentColor;
				CODE_SIGN_STYLE = Automatic;
				DEVELOPMENT_ASSET_PATHS = "\"Landmarks/Preview Content\"";
				ENABLE_PREVIEWS = YES;
				INFOPLIST_FILE = Landmarks/Info.plist;
				IPHONEOS_DEPLOYMENT_TARGET = 14.0;
				LD_RUNPATH_SEARCH_PATHS = (
					"$(inherited)",
					"@executable_path/Frameworks",
				);
				PRODUCT_BUNDLE_IDENTIFIER = SwiftUITutorials.Landmarks;
				PRODUCT_NAME = "$(TARGET_NAME)";
				SWIFT_VERSION = 5.0;
				TARGETED_DEVICE_FAMILY = "1,2";
			};
			name = Debug;
		};
		06D84D3026C99D96009ED23A /* Release */ = {
			isa = XCBuildConfiguration;
			buildSettings = {
				ASSETCATALOG_COMPILER_APPICON_NAME = AppIcon;
				ASSETCATALOG_COMPILER_GLOBAL_ACCENT_COLOR_NAME = AccentColor;
				CODE_SIGN_STYLE = Automatic;
				DEVELOPMENT_ASSET_PATHS = "\"Landmarks/Preview Content\"";
				ENABLE_PREVIEWS = YES;
				INFOPLIST_FILE = Landmarks/Info.plist;
				IPHONEOS_DEPLOYMENT_TARGET = 14.0;
				LD_RUNPATH_SEARCH_PATHS = (
					"$(inherited)",
					"@executable_path/Frameworks",
				);
				PRODUCT_BUNDLE_IDENTIFIER = SwiftUITutorials.Landmarks;
				PRODUCT_NAME = "$(TARGET_NAME)";
				SWIFT_VERSION = 5.0;
				TARGETED_DEVICE_FAMILY = "1,2";
			};
			name = Release;
		};
/* End XCBuildConfiguration section */

/* Begin XCConfigurationList section */
		06871CEB27038EC200E824E8 /* Build configuration list for PBXNativeTarget "MacLandmarks" */ = {
			isa = XCConfigurationList;
			buildConfigurations = (
				06871CE927038EC200E824E8 /* Debug */,
				06871CEA27038EC200E824E8 /* Release */,
			);
			defaultConfigurationIsVisible = 0;
			defaultConfigurationName = Release;
		};
		068BB13227024066007B004E /* Build configuration list for PBXNativeTarget "WatchLandmarks Extension" */ = {
			isa = XCConfigurationList;
			buildConfigurations = (
				068BB13027024066007B004E /* Debug */,
				068BB13127024066007B004E /* Release */,
			);
			defaultConfigurationIsVisible = 0;
			defaultConfigurationName = Release;
		};
		068BB13327024066007B004E /* Build configuration list for PBXNativeTarget "WatchLandmarks" */ = {
			isa = XCConfigurationList;
			buildConfigurations = (
				068BB12D27024066007B004E /* Debug */,
				068BB12E27024066007B004E /* Release */,
			);
			defaultConfigurationIsVisible = 0;
			defaultConfigurationName = Release;
		};
		06D84D1A26C99D91009ED23A /* Build configuration list for PBXProject "Landmarks" */ = {
			isa = XCConfigurationList;
			buildConfigurations = (
				06D84D2C26C99D96009ED23A /* Debug */,
				06D84D2D26C99D96009ED23A /* Release */,
			);
			defaultConfigurationIsVisible = 0;
			defaultConfigurationName = Release;
		};
		06D84D2E26C99D96009ED23A /* Build configuration list for PBXNativeTarget "Landmarks" */ = {
			isa = XCConfigurationList;
			buildConfigurations = (
				06D84D2F26C99D96009ED23A /* Debug */,
				06D84D3026C99D96009ED23A /* Release */,
			);
			defaultConfigurationIsVisible = 0;
			defaultConfigurationName = Release;
		};
/* End XCConfigurationList section */
	};
	rootObject = 06D84D1726C99D91009ED23A /* Project object */;
}
